{
	"name": "ultimate-media-manager-media-function",
	"version": "1.0.0",
	"lockfileVersion": 3,
	"requires": true,
	"packages": {
		"": {
			"name": "ultimate-media-manager-media-function",
			"version": "1.0.0",
			"dependencies": {
				"@azure/functions": "^4.7.3",
				"@postfetch/core": "^0.3.0",
				"ffmpeg-static": "^5.3.0",
				"youtube-dl-exec": "^3.1.7"
			},
			"devDependencies": {
				"azure-functions-core-tools": "^4.0.7030"
			}
		},
		"node_modules/@azure/functions": {
			"version": "4.16.0",
			"resolved": "https://registry.npmjs.org/@azure/functions/-/functions-4.16.0.tgz",
			"integrity": "sha512-cwLld7tRi1VLYNdm1evgS9n8ABP/e+0uLjRO++OjM/kigERG80OfFRRMbag/vpXUzCtda83lDiuCvcwPlxgwZw==",
			"license": "MIT",
			"dependencies": {
				"@azure/functions-extensions-base": "0.3.0",
				"cookie": "^0.7.0"
			},
			"engines": {
				"node": ">=20.0"
			}
		},
		"node_modules/@azure/functions-extensions-base": {
			"version": "0.3.0",
			"resolved": "https://registry.npmjs.org/@azure/functions-extensions-base/-/functions-extensions-base-0.3.0.tgz",
			"integrity": "sha512-Cux0hLu5ZXlC/Kb+yvJVhRLIdkfFwui2HeT5oGZL00r/GCUUkhGTzRfZUjRN4Bq729mPv3okPucz2z7SMQLStA==",
			"license": "MIT",
			"engines": {
				"node": ">=18.0"
			}
		},
		"node_modules/@derhuerst/http-basic": {
			"version": "8.2.4",
			"resolved": "https://registry.npmjs.org/@derhuerst/http-basic/-/http-basic-8.2.4.tgz",
			"integrity": "sha512-F9rL9k9Xjf5blCz8HsJRO4diy111cayL2vkY2XE4r4t3n0yPXVYy3KD3nJ1qbrSn9743UWSXH4IwuCa/HWlGFw==",
			"license": "MIT",
			"dependencies": {
				"caseless": "^0.12.0",
				"concat-stream": "^2.0.0",
				"http-response-object": "^3.0.1",
				"parse-cache-control": "^1.0.1"
			},
			"engines": {
				"node": ">=6.0.0"
			}
		},
		"node_modules/@kikobeats/time-span": {
			"version": "1.0.13",
			"resolved": "https://registry.npmjs.org/@kikobeats/time-span/-/time-span-1.0.13.tgz",
			"integrity": "sha512-CfBK4/EZ73uN/6b5/wOfvWju1Ev/6H+uXqS2Vqd7/dEQTyOsvv4BdOHDqESp4Efa9YyrPPvN3IHU+C4z9FAo3Q==",
			"license": "MIT",
			"engines": {
				"node": ">= 18"
			}
		},
		"node_modules/@postfetch/core": {
			"version": "0.3.0",
			"resolved": "https://registry.npmjs.org/@postfetch/core/-/core-0.3.0.tgz",
			"integrity": "sha512-Wvfc1/dG0V8Oq1uiGqcpMWA5nO1zrHJdHDYz1rUgYwzykRTbdfQEYSU713Ay014c93BMxDZ/l50tiOthcZg0eg==",
			"license": "MIT"
		},
		"node_modules/@types/node": {
			"version": "10.17.60",
			"resolved": "https://registry.npmjs.org/@types/node/-/node-10.17.60.tgz",
			"integrity": "sha512-F0KIgDJfy2nA3zMLmWGKxcH2ZVEtCZXHHdOQs2gSaQ27+lNeEfGxzkIw90aXswATX7AZ33tahPbzy6KAfUreVw==",
			"license": "MIT"
		},
		"node_modules/agent-base": {
			"version": "6.0.2",
			"resolved": "https://registry.npmjs.org/agent-base/-/agent-base-6.0.2.tgz",
			"integrity": "sha512-RZNwNclF7+MS/8bDg70amg32dyeZGZxiDuQmZxKLAlQjr3jGyLx+4Kkk58UO7D2QdgFIQCovuSuZESne6RG6XQ==",
			"license": "MIT",
			"dependencies": {
				"debug": "4"
			},
			"engines": {
				"node": ">= 6.0.0"
			}
		},
		"node_modules/agent-base/node_modules/debug": {
			"version": "4.4.3",
			"resolved": "https://registry.npmjs.org/debug/-/debug-4.4.3.tgz",
			"integrity": "sha512-RGwwWnwQvkVfavKVt22FGLw+xYSdzARwm0ru6DhTVA3umU5hZc28V3kO4stgYryrTlLpuvgI9GiijltAjNbcqA==",
			"license": "MIT",
			"dependencies": {
				"ms": "^2.1.3"
			},
			"engines": {
				"node": ">=6.0"
			},
			"peerDependenciesMeta": {
				"supports-color": {
					"optional": true
				}
			}
		},
		"node_modules/agent-base/node_modules/ms": {
			"version": "2.1.3",
			"resolved": "https://registry.npmjs.org/ms/-/ms-2.1.3.tgz",
			"integrity": "sha512-6FlzubTLZG3J2a/NVCAleEhjzq5oxgHyaCU9yYXvcLsvoVaHJq/s5xXI6/XXP6tz7R9xAOtHnSO/tXtF3WRTlA==",
			"license": "MIT"
		},
		"node_modules/azure-functions-core-tools": {
			"version": "4.12.0",
			"resolved": "https://registry.npmjs.org/azure-functions-core-tools/-/azure-functions-core-tools-4.12.0.tgz",
			"integrity": "sha512-YVrn0JoM6p+49g8Mk+Dh30c2Iwi/5TuXsl1ZdsqD8nNDoK1rsb26BUL/kLHn/D9b/RW6jB2sBHokqgJWKheDUA==",
			"dev": true,
			"hasInstallScript": true,
			"hasShrinkwrap": true,
			"license": "MIT",
			"os": [
				"win32",
				"darwin",
				"linux"
			],
			"dependencies": {
				"chalk": "^4.1.2",
				"extract-zip": "^2.0.1",
				"https-proxy-agent": "9.0.0",
				"progress": "2.0.3",
				"rimraf": "^6.1.3"
			},
			"bin": {
				"azfun": "lib/main.js",
				"azurefunctions": "lib/main.js",
				"func": "lib/main.js"
			},
			"engines": {
				"node": ">=20"
			}
		},
		"node_modules/azure-functions-core-tools/node_modules/@types/node": {
			"version": "25.9.1",
			"resolved": "https://registry.npmjs.org/@types/node/-/node-25.9.1.tgz",
			"integrity": "sha512-xfrlY7UD5rMJk3ZVJP8BNzS28J36YJg+xp+LPXV1TdWxr8uMH5A860QNxYDGQe/ylDSgjxE52Q9VnO7p75tJxg==",
			"dev": true,
			"license": "MIT",
			"optional": true,
			"dependencies": {
				"undici-types": ">=7.24.0 <7.24.7"
			}
		},
		"node_modules/azure-functions-core-tools/node_modules/@types/yauzl": {
			"version": "2.10.3",
			"resolved": "https://registry.npmjs.org/@types/yauzl/-/yauzl-2.10.3.tgz",
			"integrity": "sha512-oJoftv0LSuaDZE3Le4DbKX+KS9G36NzOeSap90UIK0yMA/NhKJhqlSGtNDORNRaIbQfzjXDrQa0ytJ6mNRGz/Q==",
			"dev": true,
			"license": "MIT",
			"optional": true,
			"dependencies": {
				"@types/node": "*"
			}
		},
		"node_modules/azure-functions-core-tools/node_modules/agent-base": {
			"version": "9.0.0",
			"resolved": "https://registry.npmjs.org/agent-base/-/agent-base-9.0.0.tgz",
			"integrity": "sha512-TQf59BsZnytt8GdJKLPfUZ54g/iaUL2OWDSFCCvMOhsHduDQxO8xC4PNeyIkVcA5KwL2phPSv0douC0fgWzmnA==",
			"dev": true,
			"license": "MIT",
			"engines": {
				"node": ">= 20"
			}
		},
		"node_modules/azure-functions-core-tools/node_modules/ansi-styles": {
			"version": "4.3.0",
			"resolved": "https://registry.npmjs.org/ansi-styles/-/ansi-styles-4.3.0.tgz",
			"integrity": "sha512-zbB9rCJAT1rbjiVDb2hqKFHNYLxgtk8NURxZ3IZwD3F6NtxbXZQCnnSi1Lkx+IDohdPlFp222wVALIheZJQSEg==",
			"dev": true,
			"license": "MIT",
			"dependencies": {
				"color-convert": "^2.0.1"
			},
			"engines": {
				"node": ">=8"
			},
			"funding": {
				"url": "https://github.com/chalk/ansi-styles?sponsor=1"
			}
		},
		"node_modules/azure-functions-core-tools/node_modules/balanced-match": {
			"version": "4.0.4",
			"resolved": "https://registry.npmjs.org/balanced-match/-/balanced-match-4.0.4.tgz",
			"integrity": "sha512-BLrgEcRTwX2o6gGxGOCNyMvGSp35YofuYzw9h1IMTRmKqttAZZVU67bdb9Pr2vUHA8+j3i2tJfjO6C6+4myGTA==",
			"dev": true,
			"license": "MIT",
			"engines": {
				"node": "18 || 20 || >=22"
			}
		},
		"node_modules/azure-functions-core-tools/node_modules/brace-expansion": {
			"version": "5.0.6",
			"resolved": "https://registry.npmjs.org/brace-expansion/-/brace-expansion-5.0.6.tgz",
			"integrity": "sha512-kLpxurY4Z4r9sgMsyG0Z9uzsBlgiU/EFKhj/h91/8yHu0edo7XuixOIH3VcJ8kkxs6/jPzoI6U9Vj3WqbMQ94g==",
			"dev": true,
			"license": "MIT",
			"dependencies": {
				"balanced-match": "^4.0.2"
			},
			"engines": {
				"node": "18 || 20 || >=22"
			}
		},
		"node_modules/azure-functions-core-tools/node_modules/buffer-crc32": {
			"version": "0.2.13",
			"resolved": "https://registry.npmjs.org/buffer-crc32/-/buffer-crc32-0.2.13.tgz",
			"integrity": "sha512-VO9Ht/+p3SN7SKWqcrgEzjGbRSJYTx+Q1pTQC0wrWqHx0vpJraQ6GtHx8tvcg1rlK1byhU5gccxgOgj7B0TDkQ==",
			"dev": true,
			"license": "MIT",
			"engines": {
				"node": "*"
			}
		},
		"node_modules/azure-functions-core-tools/node_modules/chalk": {
			"version": "4.1.2",
			"resolved": "https://registry.npmjs.org/chalk/-/chalk-4.1.2.tgz",
			"integrity": "sha512-oKnbhFyRIXpUuez8iBMmyEa4nbj4IOQyuhc/wy9kY7/WVPcwIO9VA668Pu8RkO7+0G76SLROeyw9CpQ061i4mA==",
			"dev": true,
			"license": "MIT",
			"dependencies": {
				"ansi-styles": "^4.1.0",
				"supports-color": "^7.1.0"
			},
			"engines": {
				"node": ">=10"
			},
			"funding": {
				"url": "https://github.com/chalk/chalk?sponsor=1"
			}
		},
		"node_modules/azure-functions-core-tools/node_modules/color-convert": {
			"version": "2.0.1",
			"resolved": "https://registry.npmjs.org/color-convert/-/color-convert-2.0.1.tgz",
			"integrity": "sha512-RRECPsj7iu/xb5oKYcsFHSppFNnsj/52OVTRKb4zP5onXwVF3zVmmToNcOfGC+CRDpfK/U584fMg38ZHCaElKQ==",
			"dev": true,
			"license": "MIT",
			"dependencies": {
				"color-name": "~1.1.4"
			},
			"engines": {
				"node": ">=7.0.0"
			}
		},
		"node_modules/azure-functions-core-tools/node_modules/color-name": {
			"version": "1.1.4",
			"resolved": "https://registry.npmjs.org/color-name/-/color-name-1.1.4.tgz",
			"integrity": "sha512-dOy+3AuW3a2wNbZHIuMZpTcgjGuLU/uBL/ubcZF9OXbDo8ff4O8yVp5Bf0efS8uEoYo5q4Fx7dY9OgQGXgAsQA==",
			"dev": true,
			"license": "MIT"
		},
		"node_modules/azure-functions-core-tools/node_modules/debug": {
			"version": "4.4.3",
			"resolved": "https://registry.npmjs.org/debug/-/debug-4.4.3.tgz",
			"integrity": "sha512-RGwwWnwQvkVfavKVt22FGLw+xYSdzARwm0ru6DhTVA3umU5hZc28V3kO4stgYryrTlLpuvgI9GiijltAjNbcqA==",
			"dev": true,
			"license": "MIT",
			"dependencies": {
				"ms": "^2.1.3"
			},
			"engines": {
				"node": ">=6.0"
			},
			"peerDependenciesMeta": {
				"supports-color": {
					"optional": true
				}
			}
		},
		"node_modules/azure-functions-core-tools/node_modules/end-of-stream": {
			"version": "1.4.5",
			"resolved": "https://registry.npmjs.org/end-of-stream/-/end-of-stream-1.4.5.tgz",
			"integrity": "sha512-ooEGc6HP26xXq/N+GCGOT0JKCLDGrq2bQUZrQ7gyrJiZANJ/8YDTxTpQBXGMn+WbIQXNVpyWymm7KYVICQnyOg==",
			"dev": true,
			"license": "MIT",
			"dependencies": {
				"once": "^1.4.0"
			}
		},
		"node_modules/azure-functions-core-tools/node_modules/extract-zip": {
			"version": "2.0.1",
			"resolved": "https://registry.npmjs.org/extract-zip/-/extract-zip-2.0.1.tgz",
			"integrity": "sha512-GDhU9ntwuKyGXdZBUgTIe+vXnWj0fppUEtMDL0+idd5Sta8TGpHssn/eusA9mrPr9qNDym6SxAYZjNvCn/9RBg==",
			"dev": true,
			"license": "BSD-2-Clause",
			"dependencies": {
				"debug": "^4.1.1",
				"get-stream": "^5.1.0",
				"yauzl": "^2.10.0"
			},
			"bin": {
				"extract-zip": "cli.js"
			},
			"engines": {
				"node": ">= 10.17.0"
			},
			"optionalDependencies": {
				"@types/yauzl": "^2.9.1"
			}
		},
		"node_modules/azure-functions-core-tools/node_modules/fd-slicer": {
			"version": "1.1.0",
			"resolved": "https://registry.npmjs.org/fd-slicer/-/fd-slicer-1.1.0.tgz",
			"integrity": "sha512-cE1qsB/VwyQozZ+q1dGxR8LBYNZeofhEdUNGSMbQD3Gw2lAzX9Zb3uIU6Ebc/Fmyjo9AWWfnn0AUCHqtevs/8g==",
			"dev": true,
			"license": "MIT",
			"dependencies": {
				"pend": "~1.2.0"
			}
		},
		"node_modules/azure-functions-core-tools/node_modules/get-stream": {
			"version": "5.2.0",
			"resolved": "https://registry.npmjs.org/get-stream/-/get-stream-5.2.0.tgz",
			"integrity": "sha512-nBF+F1rAZVCu/p7rjzgA+Yb4lfYXrpl7a6VmJrU8wF9I1CKvP/QwPNZHnOlwbTkY6dvtFIzFMSyQXbLoTQPRpA==",
			"dev": true,
			"license": "MIT",
			"dependencies": {
				"pump": "^3.0.0"
			},
			"engines": {
				"node": ">=8"
			},
			"funding": {
				"url": "https://github.com/sponsors/sindresorhus"
			}
		},
		"node_modules/azure-functions-core-tools/node_modules/glob": {
			"version": "13.0.6",
			"resolved": "https://registry.npmjs.org/glob/-/glob-13.0.6.tgz",
			"integrity": "sha512-Wjlyrolmm8uDpm/ogGyXZXb1Z+Ca2B8NbJwqBVg0axK9GbBeoS7yGV6vjXnYdGm6X53iehEuxxbyiKp8QmN4Vw==",
			"dev": true,
			"license": "BlueOak-1.0.0",
			"dependencies": {
				"minimatch": "^10.2.2",
				"minipass": "^7.1.3",
				"path-scurry": "^2.0.2"
			},
			"engines": {
				"node": "18 || 20 || >=22"
			},
			"funding": {
				"url": "https://github.com/sponsors/isaacs"
			}
		},
		"node_modules/azure-functions-core-tools/node_modules/has-flag": {
			"version": "4.0.0",
			"resolved": "https://registry.npmjs.org/has-flag/-/has-flag-4.0.0.tgz",
			"integrity": "sha512-EykJT/Q1KjTWctppgIAgfSO0tKVuZUjhgMr17kqTumMl6Afv3EISleU7qZUzoXDFTAHTDC4NOoG/ZxU3EvlMPQ==",
			"dev": true,
			"license": "MIT",
			"engines": {
				"node": ">=8"
			}
		},
		"node_modules/azure-functions-core-tools/node_modules/https-proxy-agent": {
			"version": "9.0.0",
			"resolved": "https://registry.npmjs.org/https-proxy-agent/-/https-proxy-agent-9.0.0.tgz",
			"integrity": "sha512-/MVmHp58WkOypgFhCLk4fzpPcFQvTJ/e6LBI7irpIO2HfxUbpmYoHF+KzipzJpxxzJu7aJNWQ0xojJ/dzV2G5g==",
			"dev": true,
			"license": "MIT",
			"dependencies": {
				"agent-base": "9.0.0",
				"debug": "^4.3.4"
			},
			"engines": {
				"node": ">= 20"
			}
		},
		"node_modules/azure-functions-core-tools/node_modules/lru-cache": {
			"version": "11.5.0",
			"resolved": "https://registry.npmjs.org/lru-cache/-/lru-cache-11.5.0.tgz",
			"integrity": "sha512-5YgH9UJd7wVb9hIouI2adWpgqrrICkt070Dnj8EUY1+B4B2P9eRLPAkAAo6NICA7CEhOIeBHl46u9zSNpNu7zA==",
			"dev": true,
			"license": "BlueOak-1.0.0",
			"engines": {
				"node": "20 || >=22"
			}
		},
		"node_modules/azure-functions-core-tools/node_modules/minimatch": {
			"version": "10.2.5",
			"resolved": "https://registry.npmjs.org/minimatch/-/minimatch-10.2.5.tgz",
			"integrity": "sha512-MULkVLfKGYDFYejP07QOurDLLQpcjk7Fw+7jXS2R2czRQzR56yHRveU5NDJEOviH+hETZKSkIk5c+T23GjFUMg==",
			"dev": true,
			"license": "BlueOak-1.0.0",
			"dependencies": {
				"brace-expansion": "^5.0.5"
			},
			"engines": {
				"node": "18 || 20 || >=22"
			},
			"funding": {
				"url": "https://github.com/sponsors/isaacs"
			}
		},
		"node_modules/azure-functions-core-tools/node_modules/minipass": {
			"version": "7.1.3",
			"resolved": "https://registry.npmjs.org/minipass/-/minipass-7.1.3.tgz",
			"integrity": "sha512-tEBHqDnIoM/1rXME1zgka9g6Q2lcoCkxHLuc7ODJ5BxbP5d4c2Z5cGgtXAku59200Cx7diuHTOYfSBD8n6mm8A==",
			"dev": true,
			"license": "BlueOak-1.0.0",
			"engines": {
				"node": ">=16 || 14 >=14.17"
			}
		},
		"node_modules/azure-functions-core-tools/node_modules/ms": {
			"version": "2.1.3",
			"resolved": "https://registry.npmjs.org/ms/-/ms-2.1.3.tgz",
			"integrity": "sha512-6FlzubTLZG3J2a/NVCAleEhjzq5oxgHyaCU9yYXvcLsvoVaHJq/s5xXI6/XXP6tz7R9xAOtHnSO/tXtF3WRTlA==",
			"dev": true,
			"license": "MIT"
		},
		"node_modules/azure-functions-core-tools/node_modules/once": {
			"version": "1.4.0",
			"resolved": "https://registry.npmjs.org/once/-/once-1.4.0.tgz",
			"integrity": "sha512-lNaJgI+2Q5URQBkccEKHTQOPaXdUxnZZElQTZY0MFUAuaEqe1E+Nyvgdz/aIyNi6Z9MzO5dv1H8n58/GELp3+w==",
			"dev": true,
			"license": "ISC",
			"dependencies": {
				"wrappy": "1"
			}
		},
		"node_modules/azure-functions-core-tools/node_modules/package-json-from-dist": {
			"version": "1.0.1",
			"resolved": "https://registry.npmjs.org/package-json-from-dist/-/package-json-from-dist-1.0.1.tgz",
			"integrity": "sha512-UEZIS3/by4OC8vL3P2dTXRETpebLI2NiI5vIrjaD/5UtrkFX/tNbwjTSRAGC/+7CAo2pIcBaRgWmcBBHcsaCIw==",
			"dev": true,
			"license": "BlueOak-1.0.0"
		},
		"node_modules/azure-functions-core-tools/node_modules/path-scurry": {
			"version": "2.0.2",
			"resolved": "https://registry.npmjs.org/path-scurry/-/path-scurry-2.0.2.tgz",
			"integrity": "sha512-3O/iVVsJAPsOnpwWIeD+d6z/7PmqApyQePUtCndjatj/9I5LylHvt5qluFaBT3I5h3r1ejfR056c+FCv+NnNXg==",
			"dev": true,
			"license": "BlueOak-1.0.0",
			"dependencies": {
				"lru-cache": "^11.0.0",
				"minipass": "^7.1.2"
			},
			"engines": {
				"node": "18 || 20 || >=22"
			},
			"funding": {
				"url": "https://github.com/sponsors/isaacs"
			}
		},
		"node_modules/azure-functions-core-tools/node_modules/pend": {
			"version": "1.2.0",
			"resolved": "https://registry.npmjs.org/pend/-/pend-1.2.0.tgz",
			"integrity": "sha512-F3asv42UuXchdzt+xXqfW1OGlVBe+mxa2mqI0pg5yAHZPvFmY3Y6drSf/GQ1A86WgWEN9Kzh/WrgKa6iGcHXLg==",
			"dev": true,
			"license": "MIT"
		},
		"node_modules/azure-functions-core-tools/node_modules/progress": {
			"version": "2.0.3",
			"resolved": "https://registry.npmjs.org/progress/-/progress-2.0.3.tgz",
			"integrity": "sha512-7PiHtLll5LdnKIMw100I+8xJXR5gW2QwWYkT6iJva0bXitZKa/XMrSbdmg3r2Xnaidz9Qumd0VPaMrZlF9V9sA==",
			"dev": true,
			"license": "MIT",
			"engines": {
				"node": ">=0.4.0"
			}
		},
		"node_modules/azure-functions-core-tools/node_modules/pump": {
			"version": "3.0.4",
			"resolved": "https://registry.npmjs.org/pump/-/pump-3.0.4.tgz",
			"integrity": "sha512-VS7sjc6KR7e1ukRFhQSY5LM2uBWAUPiOPa/A3mkKmiMwSmRFUITt0xuj+/lesgnCv+dPIEYlkzrcyXgquIHMcA==",
			"dev": true,
			"license": "MIT",
			"dependencies": {
				"end-of-stream": "^1.1.0",
				"once": "^1.3.1"
			}
		},
		"node_modules/azure-functions-core-tools/node_modules/rimraf": {
			"version": "6.1.3",
			"resolved": "https://registry.npmjs.org/rimraf/-/rimraf-6.1.3.tgz",
			"integrity": "sha512-LKg+Cr2ZF61fkcaK1UdkH2yEBBKnYjTyWzTJT6KNPcSPaiT7HSdhtMXQuN5wkTX0Xu72KQ1l8S42rlmexS2hSA==",
			"dev": true,
			"license": "BlueOak-1.0.0",
			"dependencies": {
				"glob": "^13.0.3",
				"package-json-from-dist": "^1.0.1"
			},
			"bin": {
				"rimraf": "dist/esm/bin.mjs"
			},
			"engines": {
				"node": "20 || >=22"
			},
			"funding": {
				"url": "https://github.com/sponsors/isaacs"
			}
		},
		"node_modules/azure-functions-core-tools/node_modules/supports-color": {
			"version": "7.2.0",
			"resolved": "https://registry.npmjs.org/supports-color/-/supports-color-7.2.0.tgz",
			"integrity": "sha512-qpCAvRl9stuOHveKsn7HncJRvv501qIacKzQlO/+Lwxc9+0q2wLyv4Dfvt80/DPn2pqOBsJdDiogXGR9+OvwRw==",
			"dev": true,
			"license": "MIT",
			"dependencies": {
				"has-flag": "^4.0.0"
			},
			"engines": {
				"node": ">=8"
			}
		},
		"node_modules/azure-functions-core-tools/node_modules/undici-types": {
			"version": "7.24.6",
			"resolved": "https://registry.npmjs.org/undici-types/-/undici-types-7.24.6.tgz",
			"integrity": "sha512-WRNW+sJgj5OBN4/0JpHFqtqzhpbnV0GuB+OozA9gCL7a993SmU+1JBZCzLNxYsbMfIeDL+lTsphD5jN5N+n0zg==",
			"dev": true,
			"license": "MIT",
			"optional": true
		},
		"node_modules/azure-functions-core-tools/node_modules/wrappy": {
			"version": "1.0.2",
			"resolved": "https://registry.npmjs.org/wrappy/-/wrappy-1.0.2.tgz",
			"integrity": "sha512-l4Sp/DRseor9wL6EvV2+TuQn63dMkPjZ/sp9XkghTEbV9KlPS1xUsZ3u7/IQO4wxtcFB4bgpQPRcR3QCvezPcQ==",
			"dev": true,
			"license": "ISC"
		},
		"node_modules/azure-functions-core-tools/node_modules/yauzl": {
			"version": "2.10.0",
			"resolved": "https://registry.npmjs.org/yauzl/-/yauzl-2.10.0.tgz",
			"integrity": "sha512-p4a9I6X6nu6IhoGmBqAcbJy1mlC4j27vEPZX9F4L4/vZT3Lyq1VkFHw/V/PUcB9Buo+DG3iHkT0x3Qya58zc3g==",
			"dev": true,
			"license": "MIT",
			"dependencies": {
				"buffer-crc32": "~0.2.3",
				"fd-slicer": "~1.1.0"
			}
		},
		"node_modules/binary-version": {
			"version": "7.1.0",
			"resolved": "https://registry.npmjs.org/binary-version/-/binary-version-7.1.0.tgz",
			"integrity": "sha512-Iy//vPc3ANPNlIWd242Npqc8MK0a/i4kVcHDlDA6HNMv5zMxz4ulIFhOSYJVKw/8AbHdHy0CnGYEt1QqSXxPsw==",
			"license": "MIT",
			"dependencies": {
				"execa": "^8.0.1",
				"find-versions": "^6.0.0"
			},
			"engines": {
				"node": ">=18"
			},
			"funding": {
				"url": "https://github.com/sponsors/sindresorhus"
			}
		},
		"node_modules/binary-version-check": {
			"version": "6.1.0",
			"resolved": "https://registry.npmjs.org/binary-version-check/-/binary-version-check-6.1.0.tgz",
			"integrity": "sha512-REKdLKmuViV2WrtWXvNSiPX04KbIjfUV3Cy8batUeOg+FtmowavzJorfFhWq95cVJzINnL/44ixP26TrdJZACA==",
			"license": "MIT",
			"dependencies": {
				"binary-version": "^7.1.0",
				"semver": "^7.6.0",
				"semver-truncate": "^3.0.0"
			},
			"engines": {
				"node": ">=18"
			},
			"funding": {
				"url": "https://github.com/sponsors/sindresorhus"
			}
		},
		"node_modules/buffer-from": {
			"version": "1.1.2",
			"resolved": "https://registry.npmjs.org/buffer-from/-/buffer-from-1.1.2.tgz",
			"integrity": "sha512-E+XQCRwSbaaiChtv6k6Dwgc+bx+Bs6vuKJHHl5kox/BaKbhiXzqQOwK4cO22yElGp2OCmjwVhT3HmxgyPGnJfQ==",
			"license": "MIT"
		},
		"node_modules/caseless": {
			"version": "0.12.0",
			"resolved": "https://registry.npmjs.org/caseless/-/caseless-0.12.0.tgz",
			"integrity": "sha512-4tYFyifaFfGacoiObjJegolkwSU4xQNGbVgUiNYVUxbQ2x2lUsFvY4hVgVzGiIe6WLOPqycWXA40l+PWsxthUw==",
			"license": "Apache-2.0"
		},
		"node_modules/concat-stream": {
			"version": "2.0.0",
			"resolved": "https://registry.npmjs.org/concat-stream/-/concat-stream-2.0.0.tgz",
			"integrity": "sha512-MWufYdFw53ccGjCA+Ol7XJYpAlW6/prSMzuPOTRnJGcGzuhLn4Scrz7qf6o8bROZ514ltazcIFJZevcfbo0x7A==",
			"engines": [
				"node >= 6.0"
			],
			"license": "MIT",
			"dependencies": {
				"buffer-from": "^1.0.0",
				"inherits": "^2.0.3",
				"readable-stream": "^3.0.2",
				"typedarray": "^0.0.6"
			}
		},
		"node_modules/convert-hrtime": {
			"version": "5.0.0",
			"resolved": "https://registry.npmjs.org/convert-hrtime/-/convert-hrtime-5.0.0.tgz",
			"integrity": "sha512-lOETlkIeYSJWcbbcvjRKGxVMXJR+8+OQb/mTPbA4ObPMytYIsUbuOE0Jzy60hjARYszq1id0j8KgVhC+WGZVTg==",
			"license": "MIT",
			"engines": {
				"node": ">=12"
			},
			"funding": {
				"url": "https://github.com/sponsors/sindresorhus"
			}
		},
		"node_modules/cookie": {
			"version": "0.7.2",
			"resolved": "https://registry.npmjs.org/cookie/-/cookie-0.7.2.tgz",
			"integrity": "sha512-yki5XnKuf750l50uGTllt6kKILY4nQ1eNIQatoXEByZ5dWgnKqbnqmTrBE5B4N7lrMJKQ2ytWMiTO2o0v6Ew/w==",
			"license": "MIT",
			"engines": {
				"node": ">= 0.6"
			}
		},
		"node_modules/cross-spawn": {
			"version": "7.0.6",
			"resolved": "https://registry.npmjs.org/cross-spawn/-/cross-spawn-7.0.6.tgz",
			"integrity": "sha512-uV2QOWP2nWzsy2aMp8aRibhi9dlzF5Hgh5SHaB9OiTGEyDTiJJyx0uy51QXdyWbtAHNua4XJzUKca3OzKUd3vA==",
			"license": "MIT",
			"dependencies": {
				"path-key": "^3.1.0",
				"shebang-command": "^2.0.0",
				"which": "^2.0.1"
			},
			"engines": {
				"node": ">= 8"
			}
		},
		"node_modules/dargs": {
			"version": "7.0.0",
			"resolved": "https://registry.npmjs.org/dargs/-/dargs-7.0.0.tgz",
			"integrity": "sha512-2iy1EkLdlBzQGvbweYRFxmFath8+K7+AKB0TlhHWkNuH+TmovaMH/Wp7V7R4u7f4SnX3OgLsU9t1NI9ioDnUpg==",
			"license": "MIT",
			"engines": {
				"node": ">=8"
			}
		},
		"node_modules/debug": {
			"version": "2.6.9",
			"resolved": "https://registry.npmjs.org/debug/-/debug-2.6.9.tgz",
			"integrity": "sha512-bC7ElrdJaJnPbAP+1EotYvqZsb3ecl5wi6Bfi6BJTUcNowp6cvspg0jXznRTKDjm/E7AdgFBVeAPVMNcKGsHMA==",
			"license": "MIT",
			"peer": true,
			"dependencies": {
				"ms": "2.0.0"
			}
		},
		"node_modules/debug-logfmt": {
			"version": "1.4.12",
			"resolved": "https://registry.npmjs.org/debug-logfmt/-/debug-logfmt-1.4.12.tgz",
			"integrity": "sha512-qWsSb25WvSgwLyWpEF/qMOXXQHQlOPhU/xgRzjfUqwXF9z2X+jLp5wIKTyjMrvJ56FIERaEegUIb54jCAC6XGg==",
			"license": "MIT",
			"dependencies": {
				"@kikobeats/time-span": "~1.0.5",
				"null-prototype-object": "~1.2.2",
				"pretty-ms": "~7.0.1"
			},
			"engines": {
				"node": ">= 8"
			},
			"peerDependencies": {
				"debug": "*"
			}
		},
		"node_modules/env-paths": {
			"version": "2.2.1",
			"resolved": "https://registry.npmjs.org/env-paths/-/env-paths-2.2.1.tgz",
			"integrity": "sha512-+h1lkLKhZMTYjog1VEpJNG7NZJWcuc2DDk/qsqSTRRCOXiLjeQ1d1/udrUGhqMxUgAlwKNZ0cf2uqan5GLuS2A==",
			"license": "MIT",
			"engines": {
				"node": ">=6"
			}
		},
		"node_modules/execa": {
			"version": "8.0.1",
			"resolved": "https://registry.npmjs.org/execa/-/execa-8.0.1.tgz",
			"integrity": "sha512-VyhnebXciFV2DESc+p6B+y0LjSm0krU4OgJN44qFAhBY0TJ+1V61tYD2+wHusZ6F9n5K+vl8k0sTy7PEfV4qpg==",
			"license": "MIT",
			"dependencies": {
				"cross-spawn": "^7.0.3",
				"get-stream": "^8.0.1",
				"human-signals": "^5.0.0",
				"is-stream": "^3.0.0",
				"merge-stream": "^2.0.0",
				"npm-run-path": "^5.1.0",
				"onetime": "^6.0.0",
				"signal-exit": "^4.1.0",
				"strip-final-newline": "^3.0.0"
			},
			"engines": {
				"node": ">=16.17"
			},
			"funding": {
				"url": "https://github.com/sindresorhus/execa?sponsor=1"
			}
		},
		"node_modules/ffmpeg-static": {
			"version": "5.3.0",
			"resolved": "https://registry.npmjs.org/ffmpeg-static/-/ffmpeg-static-5.3.0.tgz",
			"integrity": "sha512-H+K6sW6TiIX6VGend0KQwthe+kaceeH/luE8dIZyOP35ik7ahYojDuqlTV1bOrtEwl01sy2HFNGQfi5IDJvotg==",
			"hasInstallScript": true,
			"license": "GPL-3.0-or-later",
			"dependencies": {
				"@derhuerst/http-basic": "^8.2.0",
				"env-paths": "^2.2.0",
				"https-proxy-agent": "^5.0.0",
				"progress": "^2.0.3"
			},
			"engines": {
				"node": ">=16"
			}
		},
		"node_modules/find-versions": {
			"version": "6.0.0",
			"resolved": "https://registry.npmjs.org/find-versions/-/find-versions-6.0.0.tgz",
			"integrity": "sha512-2kCCtc+JvcZ86IGAz3Z2Y0A1baIz9fL31pH/0S1IqZr9Iwnjq8izfPtrCyQKO6TLMPELLsQMre7VDqeIKCsHkA==",
			"license": "MIT",
			"dependencies": {
				"semver-regex": "^4.0.5",
				"super-regex": "^1.0.0"
			},
			"engines": {
				"node": ">=18"
			},
			"funding": {
				"url": "https://github.com/sponsors/sindresorhus"
			}
		},
		"node_modules/function-timeout": {
			"version": "1.0.2",
			"resolved": "https://registry.npmjs.org/function-timeout/-/function-timeout-1.0.2.tgz",
			"integrity": "sha512-939eZS4gJ3htTHAldmyyuzlrD58P03fHG49v2JfFXbV6OhvZKRC9j2yAtdHw/zrp2zXHuv05zMIy40F0ge7spA==",
			"license": "MIT",
			"engines": {
				"node": ">=18"
			},
			"funding": {
				"url": "https://github.com/sponsors/sindresorhus"
			}
		},
		"node_modules/get-stream": {
			"version": "8.0.1",
			"resolved": "https://registry.npmjs.org/get-stream/-/get-stream-8.0.1.tgz",
			"integrity": "sha512-VaUJspBffn/LMCJVoMvSAdmscJyS1auj5Zulnn5UoYcY531UWmdwhRWkcGKnGU93m5HSXP9LP2usOryrBtQowA==",
			"license": "MIT",
			"engines": {
				"node": ">=16"
			},
			"funding": {
				"url": "https://github.com/sponsors/sindresorhus"
			}
		},
		"node_modules/http-response-object": {
			"version": "3.0.2",
			"resolved": "https://registry.npmjs.org/http-response-object/-/http-response-object-3.0.2.tgz",
			"integrity": "sha512-bqX0XTF6fnXSQcEJ2Iuyr75yVakyjIDCqroJQ/aHfSdlM743Cwqoi2nDYMzLGWUcuTWGWy8AAvOKXTfiv6q9RA==",
			"license": "MIT",
			"dependencies": {
				"@types/node": "^10.0.3"
			}
		},
		"node_modules/https-proxy-agent": {
			"version": "5.0.1",
			"resolved": "https://registry.npmjs.org/https-proxy-agent/-/https-proxy-agent-5.0.1.tgz",
			"integrity": "sha512-dFcAjpTQFgoLMzC2VwU+C/CbS7uRL0lWmxDITmqm7C+7F0Odmj6s9l6alZc6AELXhrnggM2CeWSXHGOdX2YtwA==",
			"license": "MIT",
			"dependencies": {
				"agent-base": "6",
				"debug": "4"
			},
			"engines": {
				"node": ">= 6"
			}
		},
		"node_modules/https-proxy-agent/node_modules/debug": {
			"version": "4.4.3",
			"resolved": "https://registry.npmjs.org/debug/-/debug-4.4.3.tgz",
			"integrity": "sha512-RGwwWnwQvkVfavKVt22FGLw+xYSdzARwm0ru6DhTVA3umU5hZc28V3kO4stgYryrTlLpuvgI9GiijltAjNbcqA==",
			"license": "MIT",
			"dependencies": {
				"ms": "^2.1.3"
			},
			"engines": {
				"node": ">=6.0"
			},
			"peerDependenciesMeta": {
				"supports-color": {
					"optional": true
				}
			}
		},
		"node_modules/https-proxy-agent/node_modules/ms": {
			"version": "2.1.3",
			"resolved": "https://registry.npmjs.org/ms/-/ms-2.1.3.tgz",
			"integrity": "sha512-6FlzubTLZG3J2a/NVCAleEhjzq5oxgHyaCU9yYXvcLsvoVaHJq/s5xXI6/XXP6tz7R9xAOtHnSO/tXtF3WRTlA==",
			"license": "MIT"
		},
		"node_modules/human-signals": {
			"version": "5.0.0",
			"resolved": "https://registry.npmjs.org/human-signals/-/human-signals-5.0.0.tgz",
			"integrity": "sha512-AXcZb6vzzrFAUE61HnN4mpLqd/cSIwNQjtNWR0euPm6y0iqx3G4gOXaIDdtdDwZmhwe82LA6+zinmW4UBWVePQ==",
			"license": "Apache-2.0",
			"engines": {
				"node": ">=16.17.0"
			}
		},
		"node_modules/inherits": {
			"version": "2.0.4",
			"resolved": "https://registry.npmjs.org/inherits/-/inherits-2.0.4.tgz",
			"integrity": "sha512-k/vGaX4/Yla3WzyMCvTQOXYeIHvqOKtnqBduzTHpzpQZzAskKMhZ2K+EnBiSM9zGSoIFeMpXKxa4dYeZIQqewQ==",
			"license": "ISC"
		},
		"node_modules/is-stream": {
			"version": "3.0.0",
			"resolved": "https://registry.npmjs.org/is-stream/-/is-stream-3.0.0.tgz",
			"integrity": "sha512-LnQR4bZ9IADDRSkvpqMGvt/tEJWclzklNgSw48V5EAaAeDd6qGvN8ei6k5p0tvxSR171VmGyHuTiAOfxAbr8kA==",
			"license": "MIT",
			"engines": {
				"node": "^12.20.0 || ^14.13.1 || >=16.0.0"
			},
			"funding": {
				"url": "https://github.com/sponsors/sindresorhus"
			}
		},
		"node_modules/is-unix": {
			"version": "2.0.14",
			"resolved": "https://registry.npmjs.org/is-unix/-/is-unix-2.0.14.tgz",
			"integrity": "sha512-ZE+Iq0h1pxZu/IGsBKobH5PZ0L3ylv7WHEmKiRG8kEzue6f+w0i3ckwnDY7Ckej2jjq1c7NDYljEkNqOxv4w9A==",
			"license": "MIT",
			"engines": {
				"node": ">= 12"
			}
		},
		"node_modules/isexe": {
			"version": "2.0.0",
			"resolved": "https://registry.npmjs.org/isexe/-/isexe-2.0.0.tgz",
			"integrity": "sha512-RHxMLp9lnKHGHRng9QFhRCMbYAcVpn69smSGcq3f36xjgVVWThj4qqLbTLlq7Ssj8B+fIQ1EuCEGI2lKsyQeIw==",
			"license": "ISC"
		},
		"node_modules/make-asynchronous": {
			"version": "1.1.0",
			"resolved": "https://registry.npmjs.org/make-asynchronous/-/make-asynchronous-1.1.0.tgz",
			"integrity": "sha512-ayF7iT+44LXdxJLTrTd3TLQpFDDvPCBxXxbv+pMUSuHA5Q8zyAfwkRP6aHHwNVFBUFWtxAHqwNJxF8vMZLAbVg==",
			"license": "MIT",
			"dependencies": {
				"p-event": "^6.0.0",
				"type-fest": "^4.6.0",
				"web-worker": "^1.5.0"
			},
			"engines": {
				"node": ">=18"
			},
			"funding": {
				"url": "https://github.com/sponsors/sindresorhus"
			}
		},
		"node_modules/merge-stream": {
			"version": "2.0.0",
			"resolved": "https://registry.npmjs.org/merge-stream/-/merge-stream-2.0.0.tgz",
			"integrity": "sha512-abv/qOcuPfk3URPfDzmZU1LKmuw8kT+0nIHvKrKgFrwifol/doWcdA4ZqsWQ8ENrFKkd67Mfpo/LovbIUsbt3w==",
			"license": "MIT"
		},
		"node_modules/mimic-fn": {
			"version": "4.0.0",
			"resolved": "https://registry.npmjs.org/mimic-fn/-/mimic-fn-4.0.0.tgz",
			"integrity": "sha512-vqiC06CuhBTUdZH+RYl8sFrL096vA45Ok5ISO6sE/Mr1jRbGH4Csnhi8f3wKVl7x8mO4Au7Ir9D3Oyv1VYMFJw==",
			"license": "MIT",
			"engines": {
				"node": ">=12"
			},
			"funding": {
				"url": "https://github.com/sponsors/sindresorhus"
			}
		},
		"node_modules/ms": {
			"version": "2.0.0",
			"resolved": "https://registry.npmjs.org/ms/-/ms-2.0.0.tgz",
			"integrity": "sha512-Tpp60P6IUJDTuOq/5Z8cdskzJujfwqfOTkrwIwj7IRISpnkJnT6SyJ4PCPnGMoFjC9ddhal5KVIYtAt97ix05A==",
			"license": "MIT",
			"peer": true
		},
		"node_modules/npm-run-path": {
			"version": "5.3.0",
			"resolved": "https://registry.npmjs.org/npm-run-path/-/npm-run-path-5.3.0.tgz",
			"integrity": "sha512-ppwTtiJZq0O/ai0z7yfudtBpWIoxM8yE6nHi1X47eFR2EWORqfbu6CnPlNsjeN683eT0qG6H/Pyf9fCcvjnnnQ==",
			"license": "MIT",
			"dependencies": {
				"path-key": "^4.0.0"
			},
			"engines": {
				"node": "^12.20.0 || ^14.13.1 || >=16.0.0"
			},
			"funding": {
				"url": "https://github.com/sponsors/sindresorhus"
			}
		},
		"node_modules/npm-run-path/node_modules/path-key": {
			"version": "4.0.0",
			"resolved": "https://registry.npmjs.org/path-key/-/path-key-4.0.0.tgz",
			"integrity": "sha512-haREypq7xkM7ErfgIyA0z+Bj4AGKlMSdlQE2jvJo6huWD1EdkKYV+G/T4nq0YEF2vgTT8kqMFKo1uHn950r4SQ==",
			"license": "MIT",
			"engines": {
				"node": ">=12"
			},
			"funding": {
				"url": "https://github.com/sponsors/sindresorhus"
			}
		},
		"node_modules/null-prototype-object": {
			"version": "1.2.7",
			"resolved": "https://registry.npmjs.org/null-prototype-object/-/null-prototype-object-1.2.7.tgz",
			"integrity": "sha512-pSZWCUew0zed2gxCerA4zdXRGg8ezLiWwvE8RvncezTcROXL0uz3PjSZXl5NsI04Egz0Uu46o1wyX6qr3u/ZWA==",
			"license": "MIT",
			"engines": {
				"node": ">= 20"
			}
		},
		"node_modules/onetime": {
			"version": "6.0.0",
			"resolved": "https://registry.npmjs.org/onetime/-/onetime-6.0.0.tgz",
			"integrity": "sha512-1FlR+gjXK7X+AsAHso35MnyN5KqGwJRi/31ft6x0M194ht7S+rWAvd7PHss9xSKMzE0asv1pyIHaJYq+BbacAQ==",
			"license": "MIT",
			"dependencies": {
				"mimic-fn": "^4.0.0"
			},
			"engines": {
				"node": ">=12"
			},
			"funding": {
				"url": "https://github.com/sponsors/sindresorhus"
			}
		},
		"node_modules/p-event": {
			"version": "6.0.1",
			"resolved": "https://registry.npmjs.org/p-event/-/p-event-6.0.1.tgz",
			"integrity": "sha512-Q6Bekk5wpzW5qIyUP4gdMEujObYstZl6DMMOSenwBvV0BlE5LkDwkjs5yHbZmdCEq2o4RJx4tE1vwxFVf2FG1w==",
			"license": "MIT",
			"dependencies": {
				"p-timeout": "^6.1.2"
			},
			"engines": {
				"node": ">=16.17"
			},
			"funding": {
				"url": "https://github.com/sponsors/sindresorhus"
			}
		},
		"node_modules/p-timeout": {
			"version": "6.1.4",
			"resolved": "https://registry.npmjs.org/p-timeout/-/p-timeout-6.1.4.tgz",
			"integrity": "sha512-MyIV3ZA/PmyBN/ud8vV9XzwTrNtR4jFrObymZYnZqMmW0zA8Z17vnT0rBgFE/TlohB+YCHqXMgZzb3Csp49vqg==",
			"license": "MIT",
			"engines": {
				"node": ">=14.16"
			},
			"funding": {
				"url": "https://github.com/sponsors/sindresorhus"
			}
		},
		"node_modules/parse-cache-control": {
			"version": "1.0.1",
			"resolved": "https://registry.npmjs.org/parse-cache-control/-/parse-cache-control-1.0.1.tgz",
			"integrity": "sha512-60zvsJReQPX5/QP0Kzfd/VrpjScIQ7SHBW6bFCYfEP+fp0Eppr1SHhIO5nd1PjZtvclzSzES9D/p5nFJurwfWg=="
		},
		"node_modules/parse-ms": {
			"version": "2.1.0",
			"resolved": "https://registry.npmjs.org/parse-ms/-/parse-ms-2.1.0.tgz",
			"integrity": "sha512-kHt7kzLoS9VBZfUsiKjv43mr91ea+U05EyKkEtqp7vNbHxmaVuEqN7XxeEVnGrMtYOAxGrDElSi96K7EgO1zCA==",
			"license": "MIT",
			"engines": {
				"node": ">=6"
			}
		},
		"node_modules/path-key": {
			"version": "3.1.1",
			"resolved": "https://registry.npmjs.org/path-key/-/path-key-3.1.1.tgz",
			"integrity": "sha512-ojmeN0qd+y0jszEtoY48r0Peq5dwMEkIlCOu6Q5f41lfkswXuKtYrhgoTpLnyIcHm24Uhqx+5Tqm2InSwLhE6Q==",
			"license": "MIT",
			"engines": {
				"node": ">=8"
			}
		},
		"node_modules/pretty-ms": {
			"version": "7.0.1",
			"resolved": "https://registry.npmjs.org/pretty-ms/-/pretty-ms-7.0.1.tgz",
			"integrity": "sha512-973driJZvxiGOQ5ONsFhOF/DtzPMOMtgC11kCpUrPGMTgqp2q/1gwzCquocrN33is0VZ5GFHXZYMM9l6h67v2Q==",
			"license": "MIT",
			"dependencies": {
				"parse-ms": "^2.1.0"
			},
			"engines": {
				"node": ">=10"
			},
			"funding": {
				"url": "https://github.com/sponsors/sindresorhus"
			}
		},
		"node_modules/progress": {
			"version": "2.0.3",
			"resolved": "https://registry.npmjs.org/progress/-/progress-2.0.3.tgz",
			"integrity": "sha512-7PiHtLll5LdnKIMw100I+8xJXR5gW2QwWYkT6iJva0bXitZKa/XMrSbdmg3r2Xnaidz9Qumd0VPaMrZlF9V9sA==",
			"license": "MIT",
			"engines": {
				"node": ">=0.4.0"
			}
		},
		"node_modules/readable-stream": {
			"version": "3.6.2",
			"resolved": "https://registry.npmjs.org/readable-stream/-/readable-stream-3.6.2.tgz",
			"integrity": "sha512-9u/sniCrY3D5WdsERHzHE4G2YCXqoG5FTHUiCC4SIbr6XcLZBY05ya9EKjYek9O5xOAwjGq+1JdGBAS7Q9ScoA==",
			"license": "MIT",
			"dependencies": {
				"inherits": "^2.0.3",
				"string_decoder": "^1.1.1",
				"util-deprecate": "^1.0.1"
			},
			"engines": {
				"node": ">= 6"
			}
		},
		"node_modules/safe-buffer": {
			"version": "5.2.1",
			"resolved": "https://registry.npmjs.org/safe-buffer/-/safe-buffer-5.2.1.tgz",
			"integrity": "sha512-rp3So07KcdmmKbGvgaNxQSJr7bGVSVk5S9Eq1F+ppbRo70+YeaDxkw5Dd8NPN+GD6bjnYm2VuPuCXmpuYvmCXQ==",
			"funding": [
				{
					"type": "github",
					"url": "https://github.com/sponsors/feross"
				},
				{
					"type": "patreon",
					"url": "https://www.patreon.com/feross"
				},
				{
					"type": "consulting",
					"url": "https://feross.org/support"
				}
			],
			"license": "MIT"
		},
		"node_modules/semver": {
			"version": "7.8.4",
			"resolved": "https://registry.npmjs.org/semver/-/semver-7.8.4.tgz",
			"integrity": "sha512-rUCObTnP32Q08R2uuIrt7r9PlEonuTmtuXYcW6s5kjdlj3xbnwe+21yXptAUYcMAABLkYYTtnmzb3w3EDZfueA==",
			"license": "ISC",
			"bin": {
				"semver": "bin/semver.js"
			},
			"engines": {
				"node": ">=10"
			}
		},
		"node_modules/semver-regex": {
			"version": "4.0.5",
			"resolved": "https://registry.npmjs.org/semver-regex/-/semver-regex-4.0.5.tgz",
			"integrity": "sha512-hunMQrEy1T6Jr2uEVjrAIqjwWcQTgOAcIM52C8MY1EZSD3DDNft04XzvYKPqjED65bNVVko0YI38nYeEHCX3yw==",
			"license": "MIT",
			"engines": {
				"node": ">=12"
			},
			"funding": {
				"url": "https://github.com/sponsors/sindresorhus"
			}
		},
		"node_modules/semver-truncate": {
			"version": "3.0.0",
			"resolved": "https://registry.npmjs.org/semver-truncate/-/semver-truncate-3.0.0.tgz",
			"integrity": "sha512-LJWA9kSvMolR51oDE6PN3kALBNaUdkxzAGcexw8gjMA8xr5zUqK0JiR3CgARSqanYF3Z1YHvsErb1KDgh+v7Rg==",
			"license": "MIT",
			"dependencies": {
				"semver": "^7.3.5"
			},
			"engines": {
				"node": ">=12"
			},
			"funding": {
				"url": "https://github.com/sponsors/sindresorhus"
			}
		},
		"node_modules/shebang-command": {
			"version": "2.0.0",
			"resolved": "https://registry.npmjs.org/shebang-command/-/shebang-command-2.0.0.tgz",
			"integrity": "sha512-kHxr2zZpYtdmrN1qDjrrX/Z1rR1kG8Dx+gkpK1G4eXmvXswmcE1hTWBWYUzlraYw1/yZp6YuDY77YtvbN0dmDA==",
			"license": "MIT",
			"dependencies": {
				"shebang-regex": "^3.0.0"
			},
			"engines": {
				"node": ">=8"
			}
		},
		"node_modules/shebang-regex": {
			"version": "3.0.0",
			"resolved": "https://registry.npmjs.org/shebang-regex/-/shebang-regex-3.0.0.tgz",
			"integrity": "sha512-7++dFhtcx3353uBaq8DDR4NuxBetBzC7ZQOhmTQInHEd6bSrXdiEyzCvG07Z44UYdLShWUyXt5M/yhz8ekcb1A==",
			"license": "MIT",
			"engines": {
				"node": ">=8"
			}
		},
		"node_modules/signal-exit": {
			"version": "4.1.0",
			"resolved": "https://registry.npmjs.org/signal-exit/-/signal-exit-4.1.0.tgz",
			"integrity": "sha512-bzyZ1e88w9O1iNJbKnOlvYTrWPDl46O1bG0D3XInv+9tkPrxrN8jUUTiFlDkkmKWgn1M6CfIA13SuGqOa9Korw==",
			"license": "ISC",
			"engines": {
				"node": ">=14"
			},
			"funding": {
				"url": "https://github.com/sponsors/isaacs"
			}
		},
		"node_modules/string_decoder": {
			"version": "1.3.0",
			"resolved": "https://registry.npmjs.org/string_decoder/-/string_decoder-1.3.0.tgz",
			"integrity": "sha512-hkRX8U1WjJFd8LsDJ2yQ/wWWxaopEsABU1XfkM8A+j0+85JAGppt16cr1Whg6KIbb4okU6Mql6BOj+uup/wKeA==",
			"license": "MIT",
			"dependencies": {
				"safe-buffer": "~5.2.0"
			}
		},
		"node_modules/strip-final-newline": {
			"version": "3.0.0",
			"resolved": "https://registry.npmjs.org/strip-final-newline/-/strip-final-newline-3.0.0.tgz",
			"integrity": "sha512-dOESqjYr96iWYylGObzd39EuNTa5VJxyvVAEm5Jnh7KGo75V43Hk1odPQkNDyXNmUR6k+gEiDVXnjB8HJ3crXw==",
			"license": "MIT",
			"engines": {
				"node": ">=12"
			},
			"funding": {
				"url": "https://github.com/sponsors/sindresorhus"
			}
		},
		"node_modules/super-regex": {
			"version": "1.1.0",
			"resolved": "https://registry.npmjs.org/super-regex/-/super-regex-1.1.0.tgz",
			"integrity": "sha512-WHkws2ZflZe41zj6AolvvmaTrWds/VuyeYr9iPVv/oQeaIoVxMKaushfFWpOGDT+GuBrM/sVqF8KUCYQlSSTdQ==",
			"license": "MIT",
			"dependencies": {
				"function-timeout": "^1.0.1",
				"make-asynchronous": "^1.0.1",
				"time-span": "^5.1.0"
			},
			"engines": {
				"node": ">=18"
			},
			"funding": {
				"url": "https://github.com/sponsors/sindresorhus"
			}
		},
		"node_modules/time-span": {
			"version": "5.1.0",
			"resolved": "https://registry.npmjs.org/time-span/-/time-span-5.1.0.tgz",
			"integrity": "sha512-75voc/9G4rDIJleOo4jPvN4/YC4GRZrY8yy1uU4lwrB3XEQbWve8zXoO5No4eFrGcTAMYyoY67p8jRQdtA1HbA==",
			"license": "MIT",
			"dependencies": {
				"convert-hrtime": "^5.0.0"
			},
			"engines": {
				"node": ">=12"
			},
			"funding": {
				"url": "https://github.com/sponsors/sindresorhus"
			}
		},
		"node_modules/tinyspawn": {
			"version": "1.5.7",
			"resolved": "https://registry.npmjs.org/tinyspawn/-/tinyspawn-1.5.7.tgz",
			"integrity": "sha512-EUrfYrlL9SvWuDjyzgF1NdILYHAOI/fosveOHbIcB9ZTaCu+IqPrA7df4M6Olf4vZUFrO9U0qPqOATLApk8WjA==",
			"license": "MIT",
			"engines": {
				"node": ">= 20"
			}
		},
		"node_modules/type-fest": {
			"version": "4.41.0",
			"resolved": "https://registry.npmjs.org/type-fest/-/type-fest-4.41.0.tgz",
			"integrity": "sha512-TeTSQ6H5YHvpqVwBRcnLDCBnDOHWYu7IvGbHT6N8AOymcr9PJGjc1GTtiWZTYg0NCgYwvnYWEkVChQAr9bjfwA==",
			"license": "(MIT OR CC0-1.0)",
			"engines": {
				"node": ">=16"
			},
			"funding": {
				"url": "https://github.com/sponsors/sindresorhus"
			}
		},
		"node_modules/typedarray": {
			"version": "0.0.6",
			"resolved": "https://registry.npmjs.org/typedarray/-/typedarray-0.0.6.tgz",
			"integrity": "sha512-/aCDEGatGvZ2BIk+HmLf4ifCJFwvKFNb9/JeZPMulfgFracn9QFcAf5GO8B/mweUjSoblS5In0cWhqpfs/5PQA==",
			"license": "MIT"
		},
		"node_modules/util-deprecate": {
			"version": "1.0.2",
			"resolved": "https://registry.npmjs.org/util-deprecate/-/util-deprecate-1.0.2.tgz",
			"integrity": "sha512-EPD5q1uXyFxJpCrLnCc1nHnq3gOa6DZBocAIiI2TaSCA7VCJ1UJDMagCzIkXNsUYfD1daK//LTEQ8xiIbrHtcw==",
			"license": "MIT"
		},
		"node_modules/web-worker": {
			"version": "1.5.0",
			"resolved": "https://registry.npmjs.org/web-worker/-/web-worker-1.5.0.tgz",
			"integrity": "sha512-RiMReJrTAiA+mBjGONMnjVDP2u3p9R1vkcGz6gDIrOMT3oGuYwX2WRMYI9ipkphSuE5XKEhydbhNEJh4NY9mlw==",
			"license": "Apache-2.0"
		},
		"node_modules/which": {
			"version": "2.0.2",
			"resolved": "https://registry.npmjs.org/which/-/which-2.0.2.tgz",
			"integrity": "sha512-BLI3Tl1TW3Pvl70l3yq3Y64i+awpwXqsGBYWkkqMtnbXgrMD+yj7rhW0kuEDxzJaYXGjEW5ogapKNMEKNMjibA==",
			"license": "ISC",
			"dependencies": {
				"isexe": "^2.0.0"
			},
			"bin": {
				"node-which": "bin/node-which"
			},
			"engines": {
				"node": ">= 8"
			}
		},
		"node_modules/youtube-dl-exec": {
			"version": "3.1.7",
			"resolved": "https://registry.npmjs.org/youtube-dl-exec/-/youtube-dl-exec-3.1.7.tgz",
			"integrity": "sha512-NlbHVcnoj1qmnHe2OFAh7zsZT4+pC2RdvWLiGgHWI9Jef+EIFzG3uUh32G745l3arxAnGsVEKyODEJClTwf5Kw==",
			"hasInstallScript": true,
			"license": "MIT",
			"dependencies": {
				"binary-version-check": "~6.1.0",
				"dargs": "~7.0.0",
				"debug-logfmt": "~1.4.0",
				"is-unix": "~2.0.10",
				"tinyspawn": "~1.5.0"
			},
			"engines": {
				"node": ">= 18"
			}
		}
	}
}
